<?xml version="1.0" encoding="utf-8"?>
<Project ToolsVersion="4.0" xmlns="http://schemas.microsoft.com/developer/msbuild/2003">
  <ItemGroup>
    <Filter Include="Fichiers sources">
      <UniqueIdentifier>{4FC737F1-C7A5-4376-A066-2A32D752A2FF}</UniqueIdentifier>
      <Extensions>cpp;c;cc;cxx;c++;cppm;ixx;def;odl;idl;hpj;bat;asm;asmx</Extensions>
    </Filter>
    <Filter Include="Fichiers sources\headers">
      <UniqueIdentifier>{8d3de6dc-7b87-4d1d-859d-8b4c252d4d42}</UniqueIdentifier>
    </Filter>
    <Filter Include="Fichiers sources\src">
      <UniqueIdentifier>{afbe0ed0-4e71-4282-9e53-ea2d9c4682e1}</UniqueIdentifier>
    </Filter>
  </ItemGroup>
  <ItemGroup>
    <ClCompile Include="source\src\main.cpp">
      <Filter>Fichiers sources\src</Filter>
    </ClCompile>
    <ClCompile Include="source\src\graphics.cpp">
      <Filter>Fichiers sources\src</Filter>
    </ClCompile>
    <ClCompile Include="source\src\game.cpp">
      <Filter>Fichiers sources\src</Filter>
    </ClCompile>
    <ClCompile Include="source\src\input.cpp">
      <Filter>Fichiers sources\src</Filter>
    </ClCompile>
    <ClCompile Include="source\src\sprite.cpp">
      <Filter>Fichiers sources</Filter>
    </ClCompile>
    <ClCompile Include="source\src\animatedsprite.cpp">
      <Filter>Fichiers sources</Filter>
    </ClCompile>
  </ItemGroup>
  <ItemGroup>
    <ClInclude Include="source\headers\graphics.h">
      <Filter>Fichiers sources\headers</Filter>
    </ClInclude>
    <ClInclude Include="source\headers\game.h">
      <Filter>Fichiers sources\headers</Filter>
    </ClInclude>
    <ClInclude Include="source\headers\input.h">
      <Filter>Fichiers sources\headers</Filter>
    </ClInclude>
    <ClInclude Include="source\headers\sprite.h" />
    <ClInclude Include="source\headers\globals.h" />
    <ClInclude Include="source\headers\animatedsprite.h" />
  </ItemGroup>
</Project>